
Microsoft Visual Studio Solution File, Format Version 12.00
# Visual Studio Version 16
VisualStudioVersion = 16.0.30517.126
MinimumVisualStudioVersion = 10.0.40219.1
Project("{FAE04EC0-301F-11D3-BF4B-00C04F79EFBC}") = "WCF_SinhVien", "WCF_SinhVien\WCF_SinhVien.csproj", "{90B5DB05-69B5-4B0F-8E00-E1ABDA3D3D40}"
	ProjectSection(ProjectDependencies) = postProject
		{641C2159-A970-484C-BAF4-290D0522295C} = {641C2159-A970-484C-BAF4-290D0522295C}
	EndProjectSection
EndProject
Project("{FAE04EC0-301F-11D3-BF4B-00C04F79EFBC}") = "SVService", "SVService\SVService.csproj", "{641C2159-A970-484C-BAF4-290D0522295C}"
EndProject
Global
	GlobalSection(SolutionConfigurationPlatforms) = preSolution
		Debug|Any CPU = Debug|Any CPU
		Release|Any CPU = Release|Any CPU
	EndGlobalSection
	GlobalSection(ProjectConfigurationPlatforms) = postSolution
		{90B5DB05-69B5-4B0F-8E00-E1ABDA3D3D40}.Debug|Any CPU.ActiveCfg = Debug|Any CPU
		{90B5DB05-69B5-4B0F-8E00-E1ABDA3D3D40}.Debug|Any CPU.Build.0 = Debug|Any CPU
		{90B5DB05-69B5-4B0F-8E00-E1ABDA3D3D40}.Release|Any CPU.ActiveCfg = Release|Any CPU
		{90B5DB05-69B5-4B0F-8E00-E1ABDA3D3D40}.Release|Any CPU.Build.0 = Release|Any CPU
		{641C2159-A970-484C-BAF4-290D0522295C}.Debug|Any CPU.ActiveCfg = Debug|Any CPU
		{641C2159-A970-484C-BAF4-290D0522295C}.Debug|Any CPU.Build.0 = Debug|Any CPU
		{641C2159-A970-484C-BAF4-290D0522295C}.Release|Any CPU.ActiveCfg = Release|Any CPU
		{641C2159-A970-484C-BAF4-290D0522295C}.Release|Any CPU.Build.0 = Release|Any CPU
	EndGlobalSection
	GlobalSection(SolutionProperties) = preSolution
		HideSolutionNode = FALSE
	EndGlobalSection
	GlobalSection(ExtensibilityGlobals) = postSolution
		SolutionGuid = {8C503ACE-4585-4451-9010-BB88F6907CB9}
	EndGlobalSection
EndGlobal
